
Microsoft Visual Studio Solution File, Format Version 12.00
# Visual Studio Version 17
VisualStudioVersion = 17.1.32407.343
MinimumVisualStudioVersion = 10.0.40219.1
Project("{FAE04EC0-301F-11D3-BF4B-00C04F79EFBC}") = "DesafioWarrenProWay", "DesafioWarrenProWay\DesafioWarrenProWay.csproj", "{FB3512A0-319F-445A-AC50-7D2DFC5EBB7F}"
EndProject
Global
	GlobalSection(SolutionConfigurationPlatforms) = preSolution
		Debug|Any CPU = Debug|Any CPU
		Release|Any CPU = Release|Any CPU
	EndGlobalSection
	GlobalSection(ProjectConfigurationPlatforms) = postSolution
		{FB3512A0-319F-445A-AC50-7D2DFC5EBB7F}.Debug|Any CPU.ActiveCfg = Debug|Any CPU
		{FB3512A0-319F-445A-AC50-7D2DFC5EBB7F}.Debug|Any CPU.Build.0 = Debug|Any CPU
		{FB3512A0-319F-445A-AC50-7D2DFC5EBB7F}.Release|Any CPU.ActiveCfg = Release|Any CPU
		{FB3512A0-319F-445A-AC50-7D2DFC5EBB7F}.Release|Any CPU.Build.0 = Release|Any CPU
	EndGlobalSection
	GlobalSection(SolutionProperties) = preSolution
		HideSolutionNode = FALSE
	EndGlobalSection
	GlobalSection(ExtensibilityGlobals) = postSolution
		SolutionGuid = {414CF594-174A-4158-B99E-AE1BA2C052F4}
	EndGlobalSection
EndGlobal
